// !$*UTF8*$!
{
	archiveVersion = 1;
	classes = {
	};
	objectVersion = 56;
	objects = {

/* Begin PBXBuildFile section */
		77053C512AA8F226008514D9 /* EventsSectionCustomHeaderTVC.xib in Resources */ = {isa = PBXBuildFile; fileRef = 77053C502AA8F226008514D9 /* EventsSectionCustomHeaderTVC.xib */; };
		77053C532AA8F23C008514D9 /* EventsSectionCustomHeaderTVC.swift in Sources */ = {isa = PBXBuildFile; fileRef = 77053C522AA8F23C008514D9 /* EventsSectionCustomHeaderTVC.swift */; };
		77053C552AA938A3008514D9 /* EventInfoTitleTVC.swift in Sources */ = {isa = PBXBuildFile; fileRef = 77053C542AA938A2008514D9 /* EventInfoTitleTVC.swift */; };
		77053C572AA938B4008514D9 /* EventInfoTitleTVC.xib in Resources */ = {isa = PBXBuildFile; fileRef = 77053C562AA938B4008514D9 /* EventInfoTitleTVC.xib */; };
		77053C592AA942A3008514D9 /* EventInfoIconTVC.swift in Sources */ = {isa = PBXBuildFile; fileRef = 77053C582AA942A3008514D9 /* EventInfoIconTVC.swift */; };
		77053C5B2AA942B0008514D9 /* EventInfoIconTVC.xib in Resources */ = {isa = PBXBuildFile; fileRef = 77053C5A2AA942B0008514D9 /* EventInfoIconTVC.xib */; };
		77053C5D2AA948D7008514D9 /* EventInfoDescriptionCell.swift in Sources */ = {isa = PBXBuildFile; fileRef = 77053C5C2AA948D7008514D9 /* EventInfoDescriptionCell.swift */; };
		77053C5F2AA948EA008514D9 /* EventInfoDescriptionCell.xib in Resources */ = {isa = PBXBuildFile; fileRef = 77053C5E2AA948EA008514D9 /* EventInfoDescriptionCell.xib */; };
		7734654F2AB709FB0074289D /* SignInVC.swift in Sources */ = {isa = PBXBuildFile; fileRef = 7734654E2AB709FB0074289D /* SignInVC.swift */; };
		77452C092AC09E4800D7F368 /* AthleteStatsTVC.swift in Sources */ = {isa = PBXBuildFile; fileRef = 77452C082AC09E4800D7F368 /* AthleteStatsTVC.swift */; };
		774E1BBA2AA6665700C72041 /* EventTVC.xib in Resources */ = {isa = PBXBuildFile; fileRef = 774E1BB92AA6665700C72041 /* EventTVC.xib */; };
		774E1BBC2AA678C800C72041 /* EventTVC.swift in Sources */ = {isa = PBXBuildFile; fileRef = 774E1BBB2AA678C800C72041 /* EventTVC.swift */; };
		776747512AA515EA005725B3 /* SignUpVC.swift in Sources */ = {isa = PBXBuildFile; fileRef = 776747502AA515EA005725B3 /* SignUpVC.swift */; };
		776747552AA51BB6005725B3 /* MainTableVC.swift in Sources */ = {isa = PBXBuildFile; fileRef = 776747542AA51BB6005725B3 /* MainTableVC.swift */; };
		776747572AA53053005725B3 /* EventInfoVC.swift in Sources */ = {isa = PBXBuildFile; fileRef = 776747562AA53053005725B3 /* EventInfoVC.swift */; };
		7767475A2AA62184005725B3 /* LiveScoreTVC.xib in Resources */ = {isa = PBXBuildFile; fileRef = 776747592AA62184005725B3 /* LiveScoreTVC.xib */; };
		7767475C2AA62197005725B3 /* LiveScoreTVC.swift in Sources */ = {isa = PBXBuildFile; fileRef = 7767475B2AA62197005725B3 /* LiveScoreTVC.swift */; };
		776BAB682A9CD4B600BBC20D /* EquipmentList.swift in Sources */ = {isa = PBXBuildFile; fileRef = 776BAB672A9CD4B600BBC20D /* EquipmentList.swift */; };
		776BAB6A2A9CD4CD00BBC20D /* PushList.swift in Sources */ = {isa = PBXBuildFile; fileRef = 776BAB692A9CD4CD00BBC20D /* PushList.swift */; };
		776BAB6C2A9CD50200BBC20D /* Themes.swift in Sources */ = {isa = PBXBuildFile; fileRef = 776BAB6B2A9CD50200BBC20D /* Themes.swift */; };
		776BAB6E2A9CD51800BBC20D /* CurrencyList.swift in Sources */ = {isa = PBXBuildFile; fileRef = 776BAB6D2A9CD51800BBC20D /* CurrencyList.swift */; };
		776BAB702A9CD53D00BBC20D /* Language.swift in Sources */ = {isa = PBXBuildFile; fileRef = 776BAB6F2A9CD53D00BBC20D /* Language.swift */; };
		776BAB722A9CD55900BBC20D /* PlacesType.swift in Sources */ = {isa = PBXBuildFile; fileRef = 776BAB712A9CD55900BBC20D /* PlacesType.swift */; };
		776BAB742A9CD57200BBC20D /* TypeOfGame.swift in Sources */ = {isa = PBXBuildFile; fileRef = 776BAB732A9CD57200BBC20D /* TypeOfGame.swift */; };
		776BAB762A9CD58400BBC20D /* TypeOfSport.swift in Sources */ = {isa = PBXBuildFile; fileRef = 776BAB752A9CD58400BBC20D /* TypeOfSport.swift */; };
		776BAB782A9CD59700BBC20D /* GenderList.swift in Sources */ = {isa = PBXBuildFile; fileRef = 776BAB772A9CD59700BBC20D /* GenderList.swift */; };
		776BAB7A2A9CD5D300BBC20D /* CountryList.swift in Sources */ = {isa = PBXBuildFile; fileRef = 776BAB792A9CD5D300BBC20D /* CountryList.swift */; };
		776BAB7C2A9CD5FE00BBC20D /* Athlete.swift in Sources */ = {isa = PBXBuildFile; fileRef = 776BAB7B2A9CD5FE00BBC20D /* Athlete.swift */; };
		776BAB7E2A9CD62400BBC20D /* Team.swift in Sources */ = {isa = PBXBuildFile; fileRef = 776BAB7D2A9CD62400BBC20D /* Team.swift */; };
		776BAB802A9CD67700BBC20D /* Sport.swift in Sources */ = {isa = PBXBuildFile; fileRef = 776BAB7F2A9CD67700BBC20D /* Sport.swift */; };
		776BAB822A9CD69800BBC20D /* SingleSport.swift in Sources */ = {isa = PBXBuildFile; fileRef = 776BAB812A9CD69800BBC20D /* SingleSport.swift */; };
		776BAB842A9CD6B500BBC20D /* Tennis.swift in Sources */ = {isa = PBXBuildFile; fileRef = 776BAB832A9CD6B500BBC20D /* Tennis.swift */; };
		776BAB862A9CD6C900BBC20D /* PingPong.swift in Sources */ = {isa = PBXBuildFile; fileRef = 776BAB852A9CD6C900BBC20D /* PingPong.swift */; };
		776BAB882A9CD6DC00BBC20D /* Chess.swift in Sources */ = {isa = PBXBuildFile; fileRef = 776BAB872A9CD6DC00BBC20D /* Chess.swift */; };
		776BAB8A2A9CD6EE00BBC20D /* Fencing.swift in Sources */ = {isa = PBXBuildFile; fileRef = 776BAB892A9CD6EE00BBC20D /* Fencing.swift */; };
		776BAB8C2A9CDF1800BBC20D /* Poker.swift in Sources */ = {isa = PBXBuildFile; fileRef = 776BAB8B2A9CDF1800BBC20D /* Poker.swift */; };
		776BAB8E2A9CDF2B00BBC20D /* TeamSport.swift in Sources */ = {isa = PBXBuildFile; fileRef = 776BAB8D2A9CDF2B00BBC20D /* TeamSport.swift */; };
		776BAB902A9CDF4200BBC20D /* Basketball.swift in Sources */ = {isa = PBXBuildFile; fileRef = 776BAB8F2A9CDF4200BBC20D /* Basketball.swift */; };
		776BAB922A9CDF5300BBC20D /* Football.swift in Sources */ = {isa = PBXBuildFile; fileRef = 776BAB912A9CDF5300BBC20D /* Football.swift */; };
		776BAB942A9CDF6400BBC20D /* Volleyball.swift in Sources */ = {isa = PBXBuildFile; fileRef = 776BAB932A9CDF6400BBC20D /* Volleyball.swift */; };
		776BAB962A9CDF9200BBC20D /* Place.swift in Sources */ = {isa = PBXBuildFile; fileRef = 776BAB952A9CDF9200BBC20D /* Place.swift */; };
		776BAB982A9CDFAF00BBC20D /* OfflinePlace.swift in Sources */ = {isa = PBXBuildFile; fileRef = 776BAB972A9CDFAF00BBC20D /* OfflinePlace.swift */; };
		776BAB9A2A9CDFD000BBC20D /* OnlinePlace.swift in Sources */ = {isa = PBXBuildFile; fileRef = 776BAB992A9CDFD000BBC20D /* OnlinePlace.swift */; };
		776BAB9C2A9CDFEF00BBC20D /* Event.swift in Sources */ = {isa = PBXBuildFile; fileRef = 776BAB9B2A9CDFEF00BBC20D /* Event.swift */; };
		776BAB9E2A9CE00000BBC20D /* SportEvent.swift in Sources */ = {isa = PBXBuildFile; fileRef = 776BAB9D2A9CE00000BBC20D /* SportEvent.swift */; };
		776BABA02A9CE01700BBC20D /* DoublesSportEvent.swift in Sources */ = {isa = PBXBuildFile; fileRef = 776BAB9F2A9CE01700BBC20D /* DoublesSportEvent.swift */; };
		776BABA22A9CE02900BBC20D /* TeamSportEvent.swift in Sources */ = {isa = PBXBuildFile; fileRef = 776BABA12A9CE02900BBC20D /* TeamSportEvent.swift */; };
		776BABA42A9CE04B00BBC20D /* Settings.swift in Sources */ = {isa = PBXBuildFile; fileRef = 776BABA32A9CE04B00BBC20D /* Settings.swift */; };
		776BABA62A9CE06400BBC20D /* User.swift in Sources */ = {isa = PBXBuildFile; fileRef = 776BABA52A9CE06400BBC20D /* User.swift */; };
		776BABA82A9CE09B00BBC20D /* Fan.swift in Sources */ = {isa = PBXBuildFile; fileRef = 776BABA72A9CE09B00BBC20D /* Fan.swift */; };
		7773DC672ABE550600B926E8 /* AthleteLogoTVC.swift in Sources */ = {isa = PBXBuildFile; fileRef = 7773DC662ABE550600B926E8 /* AthleteLogoTVC.swift */; };
		7773DC6B2ABE581000B926E8 /* DiscussinTVC.swift in Sources */ = {isa = PBXBuildFile; fileRef = 7773DC6A2ABE581000B926E8 /* DiscussinTVC.swift */; };
		7799E92B2AC59A6500F19B70 /* HistoryTVC.swift in Sources */ = {isa = PBXBuildFile; fileRef = 7799E92A2AC59A6500F19B70 /* HistoryTVC.swift */; };
		7799E9372AC8C59400F19B70 /* AthleteTeams.swift in Sources */ = {isa = PBXBuildFile; fileRef = 7799E9362AC8C59400F19B70 /* AthleteTeams.swift */; };
		7799E9392AC8F20400F19B70 /* CountryFlagList.swift in Sources */ = {isa = PBXBuildFile; fileRef = 7799E9382AC8F20400F19B70 /* CountryFlagList.swift */; };
		779A54022AAB685000099683 /* SnapKit in Frameworks */ = {isa = PBXBuildFile; productRef = 779A54012AAB685000099683 /* SnapKit */; };
		779A54062AAB690E00099683 /* StartPageVC.swift in Sources */ = {isa = PBXBuildFile; fileRef = 779A54052AAB690E00099683 /* StartPageVC.swift */; };
		779FA2C82ABB8AA50027A86E /* PlayerInfoVC.swift in Sources */ = {isa = PBXBuildFile; fileRef = 779FA2C72ABB8AA50027A86E /* PlayerInfoVC.swift */; };
		77A4696B2AA7C4F9008EE323 /* Participant.swift in Sources */ = {isa = PBXBuildFile; fileRef = 77A4696A2AA7C4F9008EE323 /* Participant.swift */; };
		77A4696F2AA874A8008EE323 /* EventTypeTVC.swift in Sources */ = {isa = PBXBuildFile; fileRef = 77A4696E2AA874A8008EE323 /* EventTypeTVC.swift */; };
		77A469712AA874D4008EE323 /* EventTypeTVC.xib in Resources */ = {isa = PBXBuildFile; fileRef = 77A469702AA874D4008EE323 /* EventTypeTVC.xib */; };
		77A469732AA87B83008EE323 /* EventTypeCVC.xib in Resources */ = {isa = PBXBuildFile; fileRef = 77A469722AA87B83008EE323 /* EventTypeCVC.xib */; };
		77A469752AA87C1C008EE323 /* EventTypeCVC.swift in Sources */ = {isa = PBXBuildFile; fileRef = 77A469742AA87C1C008EE323 /* EventTypeCVC.swift */; };
		77B4B4822ABF60BE001D46C3 /* NewsTVC.swift in Sources */ = {isa = PBXBuildFile; fileRef = 77B4B4812ABF60BE001D46C3 /* NewsTVC.swift */; };
		77E536F22AC9E52700ACAB17 /* Trophy.swift in Sources */ = {isa = PBXBuildFile; fileRef = 77E536F12AC9E52700ACAB17 /* Trophy.swift */; };
		77E8FF4C2AD33E45005AFD69 /* EventCreatorVC.swift in Sources */ = {isa = PBXBuildFile; fileRef = 77E8FF4B2AD33E45005AFD69 /* EventCreatorVC.swift */; };
		77EFD8EB2AD2C86200B438D4 /* Realm in Frameworks */ = {isa = PBXBuildFile; productRef = 77EFD8EA2AD2C86200B438D4 /* Realm */; };
		77EFD8ED2AD2C86200B438D4 /* RealmSwift in Frameworks */ = {isa = PBXBuildFile; productRef = 77EFD8EC2AD2C86200B438D4 /* RealmSwift */; };
		77FD21E82AC232DB0090799E /* TrophiesTVC.swift in Sources */ = {isa = PBXBuildFile; fileRef = 77FD21E72AC232DB0090799E /* TrophiesTVC.swift */; };
		77FD21EA2AC241750090799E /* TrophiesCVC.swift in Sources */ = {isa = PBXBuildFile; fileRef = 77FD21E92AC241750090799E /* TrophiesCVC.swift */; };
		8195CCBD2A98FA5E000A917F /* AppDelegate.swift in Sources */ = {isa = PBXBuildFile; fileRef = 8195CCBC2A98FA5E000A917F /* AppDelegate.swift */; };
		8195CCBF2A98FA5E000A917F /* SceneDelegate.swift in Sources */ = {isa = PBXBuildFile; fileRef = 8195CCBE2A98FA5E000A917F /* SceneDelegate.swift */; };
		8195CCC42A98FA5E000A917F /* Main.storyboard in Resources */ = {isa = PBXBuildFile; fileRef = 8195CCC22A98FA5E000A917F /* Main.storyboard */; };
		8195CCC92A98FA60000A917F /* LaunchScreen.storyboard in Resources */ = {isa = PBXBuildFile; fileRef = 8195CCC72A98FA60000A917F /* LaunchScreen.storyboard */; };
		81B2B46C2A9E461800033839 /* Assets.xcassets in Resources */ = {isa = PBXBuildFile; fileRef = 81B2B46B2A9E461800033839 /* Assets.xcassets */; };
		F71D89C62A9F946300E42A76 /* Inter-Regular.otf in Resources */ = {isa = PBXBuildFile; fileRef = F71D89C52A9F946300E42A76 /* Inter-Regular.otf */; };
		F71D89C82A9F946D00E42A76 /* Inter-SemiBold.otf in Resources */ = {isa = PBXBuildFile; fileRef = F71D89C72A9F946D00E42A76 /* Inter-SemiBold.otf */; };
/* End PBXBuildFile section */

/* Begin PBXFileReference section */
		77053C502AA8F226008514D9 /* EventsSectionCustomHeaderTVC.xib */ = {isa = PBXFileReference; lastKnownFileType = file.xib; path = EventsSectionCustomHeaderTVC.xib; sourceTree = "<group>"; };
		77053C522AA8F23C008514D9 /* EventsSectionCustomHeaderTVC.swift */ = {isa = PBXFileReference; lastKnownFileType = sourcecode.swift; path = EventsSectionCustomHeaderTVC.swift; sourceTree = "<group>"; };
		77053C542AA938A2008514D9 /* EventInfoTitleTVC.swift */ = {isa = PBXFileReference; lastKnownFileType = sourcecode.swift; path = EventInfoTitleTVC.swift; sourceTree = "<group>"; };
		77053C562AA938B4008514D9 /* EventInfoTitleTVC.xib */ = {isa = PBXFileReference; lastKnownFileType = file.xib; path = EventInfoTitleTVC.xib; sourceTree = "<group>"; };
		77053C582AA942A3008514D9 /* EventInfoIconTVC.swift */ = {isa = PBXFileReference; lastKnownFileType = sourcecode.swift; path = EventInfoIconTVC.swift; sourceTree = "<group>"; };
		77053C5A2AA942B0008514D9 /* EventInfoIconTVC.xib */ = {isa = PBXFileReference; lastKnownFileType = file.xib; path = EventInfoIconTVC.xib; sourceTree = "<group>"; };
		77053C5C2AA948D7008514D9 /* EventInfoDescriptionCell.swift */ = {isa = PBXFileReference; lastKnownFileType = sourcecode.swift; path = EventInfoDescriptionCell.swift; sourceTree = "<group>"; };
		77053C5E2AA948EA008514D9 /* EventInfoDescriptionCell.xib */ = {isa = PBXFileReference; lastKnownFileType = file.xib; path = EventInfoDescriptionCell.xib; sourceTree = "<group>"; };
		7734654E2AB709FB0074289D /* SignInVC.swift */ = {isa = PBXFileReference; lastKnownFileType = sourcecode.swift; path = SignInVC.swift; sourceTree = "<group>"; };
		77452C082AC09E4800D7F368 /* AthleteStatsTVC.swift */ = {isa = PBXFileReference; lastKnownFileType = sourcecode.swift; path = AthleteStatsTVC.swift; sourceTree = "<group>"; };
		774E1BB92AA6665700C72041 /* EventTVC.xib */ = {isa = PBXFileReference; lastKnownFileType = file.xib; path = EventTVC.xib; sourceTree = "<group>"; };
		774E1BBB2AA678C800C72041 /* EventTVC.swift */ = {isa = PBXFileReference; lastKnownFileType = sourcecode.swift; path = EventTVC.swift; sourceTree = "<group>"; };
		776747502AA515EA005725B3 /* SignUpVC.swift */ = {isa = PBXFileReference; fileEncoding = 4; lastKnownFileType = sourcecode.swift; path = SignUpVC.swift; sourceTree = "<group>"; };
		776747542AA51BB6005725B3 /* MainTableVC.swift */ = {isa = PBXFileReference; lastKnownFileType = sourcecode.swift; path = MainTableVC.swift; sourceTree = "<group>"; };
		776747562AA53053005725B3 /* EventInfoVC.swift */ = {isa = PBXFileReference; lastKnownFileType = sourcecode.swift; path = EventInfoVC.swift; sourceTree = "<group>"; };
		776747592AA62184005725B3 /* LiveScoreTVC.xib */ = {isa = PBXFileReference; lastKnownFileType = file.xib; path = LiveScoreTVC.xib; sourceTree = "<group>"; };
		7767475B2AA62197005725B3 /* LiveScoreTVC.swift */ = {isa = PBXFileReference; lastKnownFileType = sourcecode.swift; path = LiveScoreTVC.swift; sourceTree = "<group>"; };
		776BAB672A9CD4B600BBC20D /* EquipmentList.swift */ = {isa = PBXFileReference; lastKnownFileType = sourcecode.swift; path = EquipmentList.swift; sourceTree = "<group>"; };
		776BAB692A9CD4CD00BBC20D /* PushList.swift */ = {isa = PBXFileReference; lastKnownFileType = sourcecode.swift; path = PushList.swift; sourceTree = "<group>"; };
		776BAB6B2A9CD50200BBC20D /* Themes.swift */ = {isa = PBXFileReference; lastKnownFileType = sourcecode.swift; path = Themes.swift; sourceTree = "<group>"; };
		776BAB6D2A9CD51800BBC20D /* CurrencyList.swift */ = {isa = PBXFileReference; lastKnownFileType = sourcecode.swift; path = CurrencyList.swift; sourceTree = "<group>"; };
		776BAB6F2A9CD53D00BBC20D /* Language.swift */ = {isa = PBXFileReference; lastKnownFileType = sourcecode.swift; path = Language.swift; sourceTree = "<group>"; };
		776BAB712A9CD55900BBC20D /* PlacesType.swift */ = {isa = PBXFileReference; lastKnownFileType = sourcecode.swift; path = PlacesType.swift; sourceTree = "<group>"; };
		776BAB732A9CD57200BBC20D /* TypeOfGame.swift */ = {isa = PBXFileReference; lastKnownFileType = sourcecode.swift; path = TypeOfGame.swift; sourceTree = "<group>"; };
		776BAB752A9CD58400BBC20D /* TypeOfSport.swift */ = {isa = PBXFileReference; lastKnownFileType = sourcecode.swift; path = TypeOfSport.swift; sourceTree = "<group>"; };
		776BAB772A9CD59700BBC20D /* GenderList.swift */ = {isa = PBXFileReference; lastKnownFileType = sourcecode.swift; path = GenderList.swift; sourceTree = "<group>"; };
		776BAB792A9CD5D300BBC20D /* CountryList.swift */ = {isa = PBXFileReference; lastKnownFileType = sourcecode.swift; path = CountryList.swift; sourceTree = "<group>"; };
		776BAB7B2A9CD5FE00BBC20D /* Athlete.swift */ = {isa = PBXFileReference; lastKnownFileType = sourcecode.swift; path = Athlete.swift; sourceTree = "<group>"; };
		776BAB7D2A9CD62400BBC20D /* Team.swift */ = {isa = PBXFileReference; lastKnownFileType = sourcecode.swift; path = Team.swift; sourceTree = "<group>"; };
		776BAB7F2A9CD67700BBC20D /* Sport.swift */ = {isa = PBXFileReference; lastKnownFileType = sourcecode.swift; path = Sport.swift; sourceTree = "<group>"; };
		776BAB812A9CD69800BBC20D /* SingleSport.swift */ = {isa = PBXFileReference; lastKnownFileType = sourcecode.swift; path = SingleSport.swift; sourceTree = "<group>"; };
		776BAB832A9CD6B500BBC20D /* Tennis.swift */ = {isa = PBXFileReference; lastKnownFileType = sourcecode.swift; path = Tennis.swift; sourceTree = "<group>"; };
		776BAB852A9CD6C900BBC20D /* PingPong.swift */ = {isa = PBXFileReference; lastKnownFileType = sourcecode.swift; path = PingPong.swift; sourceTree = "<group>"; };
		776BAB872A9CD6DC00BBC20D /* Chess.swift */ = {isa = PBXFileReference; lastKnownFileType = sourcecode.swift; path = Chess.swift; sourceTree = "<group>"; };
		776BAB892A9CD6EE00BBC20D /* Fencing.swift */ = {isa = PBXFileReference; lastKnownFileType = sourcecode.swift; path = Fencing.swift; sourceTree = "<group>"; };
		776BAB8B2A9CDF1800BBC20D /* Poker.swift */ = {isa = PBXFileReference; lastKnownFileType = sourcecode.swift; path = Poker.swift; sourceTree = "<group>"; };
		776BAB8D2A9CDF2B00BBC20D /* TeamSport.swift */ = {isa = PBXFileReference; lastKnownFileType = sourcecode.swift; path = TeamSport.swift; sourceTree = "<group>"; };
		776BAB8F2A9CDF4200BBC20D /* Basketball.swift */ = {isa = PBXFileReference; lastKnownFileType = sourcecode.swift; path = Basketball.swift; sourceTree = "<group>"; };
		776BAB912A9CDF5300BBC20D /* Football.swift */ = {isa = PBXFileReference; lastKnownFileType = sourcecode.swift; path = Football.swift; sourceTree = "<group>"; };
		776BAB932A9CDF6400BBC20D /* Volleyball.swift */ = {isa = PBXFileReference; lastKnownFileType = sourcecode.swift; path = Volleyball.swift; sourceTree = "<group>"; };
		776BAB952A9CDF9200BBC20D /* Place.swift */ = {isa = PBXFileReference; lastKnownFileType = sourcecode.swift; path = Place.swift; sourceTree = "<group>"; };
		776BAB972A9CDFAF00BBC20D /* OfflinePlace.swift */ = {isa = PBXFileReference; lastKnownFileType = sourcecode.swift; path = OfflinePlace.swift; sourceTree = "<group>"; };
		776BAB992A9CDFD000BBC20D /* OnlinePlace.swift */ = {isa = PBXFileReference; lastKnownFileType = sourcecode.swift; path = OnlinePlace.swift; sourceTree = "<group>"; };
		776BAB9B2A9CDFEF00BBC20D /* Event.swift */ = {isa = PBXFileReference; lastKnownFileType = sourcecode.swift; path = Event.swift; sourceTree = "<group>"; };
		776BAB9D2A9CE00000BBC20D /* SportEvent.swift */ = {isa = PBXFileReference; lastKnownFileType = sourcecode.swift; path = SportEvent.swift; sourceTree = "<group>"; };
		776BAB9F2A9CE01700BBC20D /* DoublesSportEvent.swift */ = {isa = PBXFileReference; lastKnownFileType = sourcecode.swift; path = DoublesSportEvent.swift; sourceTree = "<group>"; };
		776BABA12A9CE02900BBC20D /* TeamSportEvent.swift */ = {isa = PBXFileReference; lastKnownFileType = sourcecode.swift; path = TeamSportEvent.swift; sourceTree = "<group>"; };
		776BABA32A9CE04B00BBC20D /* Settings.swift */ = {isa = PBXFileReference; lastKnownFileType = sourcecode.swift; path = Settings.swift; sourceTree = "<group>"; };
		776BABA52A9CE06400BBC20D /* User.swift */ = {isa = PBXFileReference; lastKnownFileType = sourcecode.swift; path = User.swift; sourceTree = "<group>"; };
		776BABA72A9CE09B00BBC20D /* Fan.swift */ = {isa = PBXFileReference; lastKnownFileType = sourcecode.swift; path = Fan.swift; sourceTree = "<group>"; };
		7773DC662ABE550600B926E8 /* AthleteLogoTVC.swift */ = {isa = PBXFileReference; lastKnownFileType = sourcecode.swift; path = AthleteLogoTVC.swift; sourceTree = "<group>"; };
		7773DC6A2ABE581000B926E8 /* DiscussinTVC.swift */ = {isa = PBXFileReference; lastKnownFileType = sourcecode.swift; path = DiscussinTVC.swift; sourceTree = "<group>"; };
		7799E92A2AC59A6500F19B70 /* HistoryTVC.swift */ = {isa = PBXFileReference; lastKnownFileType = sourcecode.swift; path = HistoryTVC.swift; sourceTree = "<group>"; };
		7799E9362AC8C59400F19B70 /* AthleteTeams.swift */ = {isa = PBXFileReference; lastKnownFileType = sourcecode.swift; path = AthleteTeams.swift; sourceTree = "<group>"; };
		7799E9382AC8F20400F19B70 /* CountryFlagList.swift */ = {isa = PBXFileReference; lastKnownFileType = sourcecode.swift; path = CountryFlagList.swift; sourceTree = "<group>"; };
		779A54052AAB690E00099683 /* StartPageVC.swift */ = {isa = PBXFileReference; lastKnownFileType = sourcecode.swift; path = StartPageVC.swift; sourceTree = "<group>"; };
		779FA2C72ABB8AA50027A86E /* PlayerInfoVC.swift */ = {isa = PBXFileReference; lastKnownFileType = sourcecode.swift; path = PlayerInfoVC.swift; sourceTree = "<group>"; };
		77A4696A2AA7C4F9008EE323 /* Participant.swift */ = {isa = PBXFileReference; lastKnownFileType = sourcecode.swift; path = Participant.swift; sourceTree = "<group>"; };
		77A4696E2AA874A8008EE323 /* EventTypeTVC.swift */ = {isa = PBXFileReference; lastKnownFileType = sourcecode.swift; path = EventTypeTVC.swift; sourceTree = "<group>"; };
		77A469702AA874D4008EE323 /* EventTypeTVC.xib */ = {isa = PBXFileReference; lastKnownFileType = file.xib; path = EventTypeTVC.xib; sourceTree = "<group>"; };
		77A469722AA87B83008EE323 /* EventTypeCVC.xib */ = {isa = PBXFileReference; lastKnownFileType = file.xib; path = EventTypeCVC.xib; sourceTree = "<group>"; };
		77A469742AA87C1C008EE323 /* EventTypeCVC.swift */ = {isa = PBXFileReference; lastKnownFileType = sourcecode.swift; path = EventTypeCVC.swift; sourceTree = "<group>"; };
		77B4B4812ABF60BE001D46C3 /* NewsTVC.swift */ = {isa = PBXFileReference; lastKnownFileType = sourcecode.swift; path = NewsTVC.swift; sourceTree = "<group>"; };
		77E536F12AC9E52700ACAB17 /* Trophy.swift */ = {isa = PBXFileReference; lastKnownFileType = sourcecode.swift; path = Trophy.swift; sourceTree = "<group>"; };
		77E8FF4B2AD33E45005AFD69 /* EventCreatorVC.swift */ = {isa = PBXFileReference; lastKnownFileType = sourcecode.swift; path = EventCreatorVC.swift; sourceTree = "<group>"; };
		77FD21E72AC232DB0090799E /* TrophiesTVC.swift */ = {isa = PBXFileReference; lastKnownFileType = sourcecode.swift; path = TrophiesTVC.swift; sourceTree = "<group>"; };
		77FD21E92AC241750090799E /* TrophiesCVC.swift */ = {isa = PBXFileReference; lastKnownFileType = sourcecode.swift; path = TrophiesCVC.swift; sourceTree = "<group>"; };
		8195CCB92A98FA5E000A917F /* SportEventApp.app */ = {isa = PBXFileReference; explicitFileType = wrapper.application; includeInIndex = 0; path = SportEventApp.app; sourceTree = BUILT_PRODUCTS_DIR; };
		8195CCBC2A98FA5E000A917F /* AppDelegate.swift */ = {isa = PBXFileReference; lastKnownFileType = sourcecode.swift; path = AppDelegate.swift; sourceTree = "<group>"; };
		8195CCBE2A98FA5E000A917F /* SceneDelegate.swift */ = {isa = PBXFileReference; lastKnownFileType = sourcecode.swift; path = SceneDelegate.swift; sourceTree = "<group>"; };
		8195CCC32A98FA5E000A917F /* Base */ = {isa = PBXFileReference; lastKnownFileType = file.storyboard; name = Base; path = Base.lproj/Main.storyboard; sourceTree = "<group>"; };
		8195CCC82A98FA60000A917F /* Base */ = {isa = PBXFileReference; lastKnownFileType = file.storyboard; name = Base; path = Base.lproj/LaunchScreen.storyboard; sourceTree = "<group>"; };
		81B2B4672A9E44C600033839 /* Info.plist */ = {isa = PBXFileReference; lastKnownFileType = text.plist.xml; path = Info.plist; sourceTree = "<group>"; };
		81B2B46B2A9E461800033839 /* Assets.xcassets */ = {isa = PBXFileReference; lastKnownFileType = folder.assetcatalog; path = Assets.xcassets; sourceTree = "<group>"; };
		F71D89C52A9F946300E42A76 /* Inter-Regular.otf */ = {isa = PBXFileReference; lastKnownFileType = file; path = "Inter-Regular.otf"; sourceTree = "<group>"; };
		F71D89C72A9F946D00E42A76 /* Inter-SemiBold.otf */ = {isa = PBXFileReference; lastKnownFileType = file; path = "Inter-SemiBold.otf"; sourceTree = "<group>"; };
/* End PBXFileReference section */

/* Begin PBXFrameworksBuildPhase section */
		8195CCB62A98FA5E000A917F /* Frameworks */ = {
			isa = PBXFrameworksBuildPhase;
			buildActionMask = 2147483647;
			files = (
				77EFD8ED2AD2C86200B438D4 /* RealmSwift in Frameworks */,
				77EFD8EB2AD2C86200B438D4 /* Realm in Frameworks */,
				779A54022AAB685000099683 /* SnapKit in Frameworks */,
			);
			runOnlyForDeploymentPostprocessing = 0;
		};
/* End PBXFrameworksBuildPhase section */

/* Begin PBXGroup section */
		776747582AA62123005725B3 /* Views */ = {
			isa = PBXGroup;
			children = (
				776747592AA62184005725B3 /* LiveScoreTVC.xib */,
				7767475B2AA62197005725B3 /* LiveScoreTVC.swift */,
				774E1BB92AA6665700C72041 /* EventTVC.xib */,
				774E1BBB2AA678C800C72041 /* EventTVC.swift */,
				77A4696E2AA874A8008EE323 /* EventTypeTVC.swift */,
				77A469702AA874D4008EE323 /* EventTypeTVC.xib */,
				77A469722AA87B83008EE323 /* EventTypeCVC.xib */,
				77A469742AA87C1C008EE323 /* EventTypeCVC.swift */,
				77053C502AA8F226008514D9 /* EventsSectionCustomHeaderTVC.xib */,
				77053C522AA8F23C008514D9 /* EventsSectionCustomHeaderTVC.swift */,
				77053C542AA938A2008514D9 /* EventInfoTitleTVC.swift */,
				77053C562AA938B4008514D9 /* EventInfoTitleTVC.xib */,
				77053C582AA942A3008514D9 /* EventInfoIconTVC.swift */,
				77053C5A2AA942B0008514D9 /* EventInfoIconTVC.xib */,
				77053C5C2AA948D7008514D9 /* EventInfoDescriptionCell.swift */,
				77053C5E2AA948EA008514D9 /* EventInfoDescriptionCell.xib */,
				7773DC662ABE550600B926E8 /* AthleteLogoTVC.swift */,
				7773DC6A2ABE581000B926E8 /* DiscussinTVC.swift */,
				77B4B4812ABF60BE001D46C3 /* NewsTVC.swift */,
				77452C082AC09E4800D7F368 /* AthleteStatsTVC.swift */,
				77FD21E72AC232DB0090799E /* TrophiesTVC.swift */,
				77FD21E92AC241750090799E /* TrophiesCVC.swift */,
				7799E92A2AC59A6500F19B70 /* HistoryTVC.swift */,
			);
			path = Views;
			sourceTree = "<group>";
		};
		776BAB662A9CD3D900BBC20D /* Enums */ = {
			isa = PBXGroup;
			children = (
				776BAB672A9CD4B600BBC20D /* EquipmentList.swift */,
				776BAB692A9CD4CD00BBC20D /* PushList.swift */,
				776BAB6B2A9CD50200BBC20D /* Themes.swift */,
				776BAB6D2A9CD51800BBC20D /* CurrencyList.swift */,
				776BAB6F2A9CD53D00BBC20D /* Language.swift */,
				776BAB712A9CD55900BBC20D /* PlacesType.swift */,
				776BAB732A9CD57200BBC20D /* TypeOfGame.swift */,
				776BAB752A9CD58400BBC20D /* TypeOfSport.swift */,
				776BAB772A9CD59700BBC20D /* GenderList.swift */,
				776BAB792A9CD5D300BBC20D /* CountryList.swift */,
				7799E9382AC8F20400F19B70 /* CountryFlagList.swift */,
			);
			path = Enums;
			sourceTree = "<group>";
		};
		8195CCB02A98FA5E000A917F = {
			isa = PBXGroup;
			children = (
				8195CCBB2A98FA5E000A917F /* SportEventApp */,
				8195CCBA2A98FA5E000A917F /* Products */,
			);
			sourceTree = "<group>";
		};
		8195CCBA2A98FA5E000A917F /* Products */ = {
			isa = PBXGroup;
			children = (
				8195CCB92A98FA5E000A917F /* SportEventApp.app */,
			);
			name = Products;
			sourceTree = "<group>";
		};
		8195CCBB2A98FA5E000A917F /* SportEventApp */ = {
			isa = PBXGroup;
			children = (
				776747582AA62123005725B3 /* Views */,
				8195CCD02A98FAB5000A917F /* Models */,
				8195CCD12A98FACD000A917F /* ViewControllers */,
				8195CCBC2A98FA5E000A917F /* AppDelegate.swift */,
				8195CCBE2A98FA5E000A917F /* SceneDelegate.swift */,
				8195CCC72A98FA60000A917F /* LaunchScreen.storyboard */,
				81B2B46B2A9E461800033839 /* Assets.xcassets */,
				81B2B4672A9E44C600033839 /* Info.plist */,
				F71D89C52A9F946300E42A76 /* Inter-Regular.otf */,
				F71D89C72A9F946D00E42A76 /* Inter-SemiBold.otf */,
			);
			path = SportEventApp;
			sourceTree = "<group>";
		};
		8195CCD02A98FAB5000A917F /* Models */ = {
			isa = PBXGroup;
			children = (
				776BAB662A9CD3D900BBC20D /* Enums */,
				776BAB7B2A9CD5FE00BBC20D /* Athlete.swift */,
				776BAB7D2A9CD62400BBC20D /* Team.swift */,
				776BAB7F2A9CD67700BBC20D /* Sport.swift */,
				776BAB812A9CD69800BBC20D /* SingleSport.swift */,
				776BAB832A9CD6B500BBC20D /* Tennis.swift */,
				776BAB852A9CD6C900BBC20D /* PingPong.swift */,
				776BAB872A9CD6DC00BBC20D /* Chess.swift */,
				776BAB892A9CD6EE00BBC20D /* Fencing.swift */,
				776BAB8B2A9CDF1800BBC20D /* Poker.swift */,
				776BAB8D2A9CDF2B00BBC20D /* TeamSport.swift */,
				776BAB8F2A9CDF4200BBC20D /* Basketball.swift */,
				776BAB912A9CDF5300BBC20D /* Football.swift */,
				776BAB932A9CDF6400BBC20D /* Volleyball.swift */,
				776BAB952A9CDF9200BBC20D /* Place.swift */,
				776BAB972A9CDFAF00BBC20D /* OfflinePlace.swift */,
				776BAB992A9CDFD000BBC20D /* OnlinePlace.swift */,
				776BAB9B2A9CDFEF00BBC20D /* Event.swift */,
				776BAB9D2A9CE00000BBC20D /* SportEvent.swift */,
				776BAB9F2A9CE01700BBC20D /* DoublesSportEvent.swift */,
				776BABA72A9CE09B00BBC20D /* Fan.swift */,
				776BABA12A9CE02900BBC20D /* TeamSportEvent.swift */,
				776BABA32A9CE04B00BBC20D /* Settings.swift */,
				776BABA52A9CE06400BBC20D /* User.swift */,
				77A4696A2AA7C4F9008EE323 /* Participant.swift */,
				7799E9362AC8C59400F19B70 /* AthleteTeams.swift */,
				77E536F12AC9E52700ACAB17 /* Trophy.swift */,
			);
			path = Models;
			sourceTree = "<group>";
		};
		8195CCD12A98FACD000A917F /* ViewControllers */ = {
			isa = PBXGroup;
			children = (
				779A54052AAB690E00099683 /* StartPageVC.swift */,
				7734654E2AB709FB0074289D /* SignInVC.swift */,
				776747502AA515EA005725B3 /* SignUpVC.swift */,
				776747542AA51BB6005725B3 /* MainTableVC.swift */,
				776747562AA53053005725B3 /* EventInfoVC.swift */,
				779FA2C72ABB8AA50027A86E /* PlayerInfoVC.swift */,
				8195CCC22A98FA5E000A917F /* Main.storyboard */,
				77E8FF4B2AD33E45005AFD69 /* EventCreatorVC.swift */,
			);
			path = ViewControllers;
			sourceTree = "<group>";
		};
/* End PBXGroup section */

/* Begin PBXNativeTarget section */
		8195CCB82A98FA5E000A917F /* SportEventApp */ = {
			isa = PBXNativeTarget;
			buildConfigurationList = 8195CCCD2A98FA60000A917F /* Build configuration list for PBXNativeTarget "SportEventApp" */;
			buildPhases = (
				8195CCB52A98FA5E000A917F /* Sources */,
				8195CCB62A98FA5E000A917F /* Frameworks */,
				8195CCB72A98FA5E000A917F /* Resources */,
			);
			buildRules = (
			);
			dependencies = (
			);
			name = SportEventApp;
			packageProductDependencies = (
				779A54012AAB685000099683 /* SnapKit */,
				77EFD8EA2AD2C86200B438D4 /* Realm */,
				77EFD8EC2AD2C86200B438D4 /* RealmSwift */,
			);
			productName = SportEventApp;
			productReference = 8195CCB92A98FA5E000A917F /* SportEventApp.app */;
			productType = "com.apple.product-type.application";
		};
/* End PBXNativeTarget section */

/* Begin PBXProject section */
		8195CCB12A98FA5E000A917F /* Project object */ = {
			isa = PBXProject;
			attributes = {
				BuildIndependentTargetsInParallel = 1;
				LastSwiftUpdateCheck = 1430;
				LastUpgradeCheck = 1430;
				TargetAttributes = {
					8195CCB82A98FA5E000A917F = {
						CreatedOnToolsVersion = 14.3.1;
					};
				};
			};
			buildConfigurationList = 8195CCB42A98FA5E000A917F /* Build configuration list for PBXProject "SportEventApp" */;
			compatibilityVersion = "Xcode 14.0";
			developmentRegion = en;
			hasScannedForEncodings = 0;
			knownRegions = (
				en,
				Base,
			);
			mainGroup = 8195CCB02A98FA5E000A917F;
			packageReferences = (
				779A54002AAB685000099683 /* XCRemoteSwiftPackageReference "SnapKit" */,
				77EFD8E92AD2C86200B438D4 /* XCRemoteSwiftPackageReference "realm-swift" */,
			);
			productRefGroup = 8195CCBA2A98FA5E000A917F /* Products */;
			projectDirPath = "";
			projectRoot = "";
			targets = (
				8195CCB82A98FA5E000A917F /* SportEventApp */,
			);
		};
/* End PBXProject section */

/* Begin PBXResourcesBuildPhase section */
		8195CCB72A98FA5E000A917F /* Resources */ = {
			isa = PBXResourcesBuildPhase;
			buildActionMask = 2147483647;
			files = (
				77053C572AA938B4008514D9 /* EventInfoTitleTVC.xib in Resources */,
				77A469732AA87B83008EE323 /* EventTypeCVC.xib in Resources */,
				7767475A2AA62184005725B3 /* LiveScoreTVC.xib in Resources */,
				8195CCC92A98FA60000A917F /* LaunchScreen.storyboard in Resources */,
				77A469712AA874D4008EE323 /* EventTypeTVC.xib in Resources */,
				77053C512AA8F226008514D9 /* EventsSectionCustomHeaderTVC.xib in Resources */,
				77053C5F2AA948EA008514D9 /* EventInfoDescriptionCell.xib in Resources */,
				F71D89C62A9F946300E42A76 /* Inter-Regular.otf in Resources */,
				81B2B46C2A9E461800033839 /* Assets.xcassets in Resources */,
				F71D89C82A9F946D00E42A76 /* Inter-SemiBold.otf in Resources */,
				77053C5B2AA942B0008514D9 /* EventInfoIconTVC.xib in Resources */,
				774E1BBA2AA6665700C72041 /* EventTVC.xib in Resources */,
				8195CCC42A98FA5E000A917F /* Main.storyboard in Resources */,
			);
			runOnlyForDeploymentPostprocessing = 0;
		};
/* End PBXResourcesBuildPhase section */

/* Begin PBXSourcesBuildPhase section */
		8195CCB52A98FA5E000A917F /* Sources */ = {
			isa = PBXSourcesBuildPhase;
			buildActionMask = 2147483647;
			files = (
				776BAB8C2A9CDF1800BBC20D /* Poker.swift in Sources */,
				77FD21E82AC232DB0090799E /* TrophiesTVC.swift in Sources */,
				776BAB882A9CD6DC00BBC20D /* Chess.swift in Sources */,
				776BAB822A9CD69800BBC20D /* SingleSport.swift in Sources */,
				7773DC672ABE550600B926E8 /* AthleteLogoTVC.swift in Sources */,
				77A469752AA87C1C008EE323 /* EventTypeCVC.swift in Sources */,
				776BAB6C2A9CD50200BBC20D /* Themes.swift in Sources */,
				77053C592AA942A3008514D9 /* EventInfoIconTVC.swift in Sources */,
				776BABA42A9CE04B00BBC20D /* Settings.swift in Sources */,
				77B4B4822ABF60BE001D46C3 /* NewsTVC.swift in Sources */,
				776BAB9E2A9CE00000BBC20D /* SportEvent.swift in Sources */,
				77A4696B2AA7C4F9008EE323 /* Participant.swift in Sources */,
				776747552AA51BB6005725B3 /* MainTableVC.swift in Sources */,
				77FD21EA2AC241750090799E /* TrophiesCVC.swift in Sources */,
				776BAB902A9CDF4200BBC20D /* Basketball.swift in Sources */,
				776BAB862A9CD6C900BBC20D /* PingPong.swift in Sources */,
				776BAB682A9CD4B600BBC20D /* EquipmentList.swift in Sources */,
				776BAB722A9CD55900BBC20D /* PlacesType.swift in Sources */,
				77053C532AA8F23C008514D9 /* EventsSectionCustomHeaderTVC.swift in Sources */,
				776BAB782A9CD59700BBC20D /* GenderList.swift in Sources */,
				776BAB982A9CDFAF00BBC20D /* OfflinePlace.swift in Sources */,
				776BAB8E2A9CDF2B00BBC20D /* TeamSport.swift in Sources */,
				776BAB8A2A9CD6EE00BBC20D /* Fencing.swift in Sources */,
				7773DC6B2ABE581000B926E8 /* DiscussinTVC.swift in Sources */,
				776BAB9C2A9CDFEF00BBC20D /* Event.swift in Sources */,
				776BABA02A9CE01700BBC20D /* DoublesSportEvent.swift in Sources */,
				77053C552AA938A3008514D9 /* EventInfoTitleTVC.swift in Sources */,
				776BAB922A9CDF5300BBC20D /* Football.swift in Sources */,
				776747572AA53053005725B3 /* EventInfoVC.swift in Sources */,
				776BAB942A9CDF6400BBC20D /* Volleyball.swift in Sources */,
				776BAB842A9CD6B500BBC20D /* Tennis.swift in Sources */,
				779FA2C82ABB8AA50027A86E /* PlayerInfoVC.swift in Sources */,
				776BAB9A2A9CDFD000BBC20D /* OnlinePlace.swift in Sources */,
				776BAB802A9CD67700BBC20D /* Sport.swift in Sources */,
				776BAB702A9CD53D00BBC20D /* Language.swift in Sources */,
				776BABA22A9CE02900BBC20D /* TeamSportEvent.swift in Sources */,
				77452C092AC09E4800D7F368 /* AthleteStatsTVC.swift in Sources */,
				8195CCBD2A98FA5E000A917F /* AppDelegate.swift in Sources */,
				7799E9372AC8C59400F19B70 /* AthleteTeams.swift in Sources */,
				776BAB6E2A9CD51800BBC20D /* CurrencyList.swift in Sources */,
				774E1BBC2AA678C800C72041 /* EventTVC.swift in Sources */,
				7799E92B2AC59A6500F19B70 /* HistoryTVC.swift in Sources */,
				776747512AA515EA005725B3 /* SignUpVC.swift in Sources */,
				776BABA82A9CE09B00BBC20D /* Fan.swift in Sources */,
				77A4696F2AA874A8008EE323 /* EventTypeTVC.swift in Sources */,
				776BAB962A9CDF9200BBC20D /* Place.swift in Sources */,
				7734654F2AB709FB0074289D /* SignInVC.swift in Sources */,
				7799E9392AC8F20400F19B70 /* CountryFlagList.swift in Sources */,
				77E8FF4C2AD33E45005AFD69 /* EventCreatorVC.swift in Sources */,
				776BAB762A9CD58400BBC20D /* TypeOfSport.swift in Sources */,
				776BAB742A9CD57200BBC20D /* TypeOfGame.swift in Sources */,
				779A54062AAB690E00099683 /* StartPageVC.swift in Sources */,
				776BAB7C2A9CD5FE00BBC20D /* Athlete.swift in Sources */,
				8195CCBF2A98FA5E000A917F /* SceneDelegate.swift in Sources */,
				776BAB7E2A9CD62400BBC20D /* Team.swift in Sources */,
				776BABA62A9CE06400BBC20D /* User.swift in Sources */,
				7767475C2AA62197005725B3 /* LiveScoreTVC.swift in Sources */,
				776BAB7A2A9CD5D300BBC20D /* CountryList.swift in Sources */,
				77E536F22AC9E52700ACAB17 /* Trophy.swift in Sources */,
				776BAB6A2A9CD4CD00BBC20D /* PushList.swift in Sources */,
				77053C5D2AA948D7008514D9 /* EventInfoDescriptionCell.swift in Sources */,
			);
			runOnlyForDeploymentPostprocessing = 0;
		};
/* End PBXSourcesBuildPhase section */

/* Begin PBXVariantGroup section */
		8195CCC22A98FA5E000A917F /* Main.storyboard */ = {
			isa = PBXVariantGroup;
			children = (
				8195CCC32A98FA5E000A917F /* Base */,
			);
			name = Main.storyboard;
			path = ..;
			sourceTree = "<group>";
		};
		8195CCC72A98FA60000A917F /* LaunchScreen.storyboard */ = {
			isa = PBXVariantGroup;
			children = (
				8195CCC82A98FA60000A917F /* Base */,
			);
			name = LaunchScreen.storyboard;
			sourceTree = "<group>";
		};
/* End PBXVariantGroup section */

/* Begin XCBuildConfiguration section */
		8195CCCB2A98FA60000A917F /* Debug */ = {
			isa = XCBuildConfiguration;
			buildSettings = {
				ALWAYS_SEARCH_USER_PATHS = NO;
				CLANG_ANALYZER_NONNULL = YES;
				CLANG_ANALYZER_NUMBER_OBJECT_CONVERSION = YES_AGGRESSIVE;
				CLANG_CXX_LANGUAGE_STANDARD = "gnu++20";
				CLANG_ENABLE_MODULES = YES;
				CLANG_ENABLE_OBJC_ARC = YES;
				CLANG_ENABLE_OBJC_WEAK = YES;
				CLANG_WARN_BLOCK_CAPTURE_AUTORELEASING = YES;
				CLANG_WARN_BOOL_CONVERSION = YES;
				CLANG_WARN_COMMA = YES;
				CLANG_WARN_CONSTANT_CONVERSION = YES;
				CLANG_WARN_DEPRECATED_OBJC_IMPLEMENTATIONS = YES;
				CLANG_WARN_DIRECT_OBJC_ISA_USAGE = YES_ERROR;
				CLANG_WARN_DOCUMENTATION_COMMENTS = YES;
				CLANG_WARN_EMPTY_BODY = YES;
				CLANG_WARN_ENUM_CONVERSION = YES;
				CLANG_WARN_INFINITE_RECURSION = YES;
				CLANG_WARN_INT_CONVERSION = YES;
				CLANG_WARN_NON_LITERAL_NULL_CONVERSION = YES;
				CLANG_WARN_OBJC_IMPLICIT_RETAIN_SELF = YES;
				CLANG_WARN_OBJC_LITERAL_CONVERSION = YES;
				CLANG_WARN_OBJC_ROOT_CLASS = YES_ERROR;
				CLANG_WARN_QUOTED_INCLUDE_IN_FRAMEWORK_HEADER = YES;
				CLANG_WARN_RANGE_LOOP_ANALYSIS = YES;
				CLANG_WARN_STRICT_PROTOTYPES = YES;
				CLANG_WARN_SUSPICIOUS_MOVE = YES;
				CLANG_WARN_UNGUARDED_AVAILABILITY = YES_AGGRESSIVE;
				CLANG_WARN_UNREACHABLE_CODE = YES;
				CLANG_WARN__DUPLICATE_METHOD_MATCH = YES;
				COPY_PHASE_STRIP = NO;
				DEBUG_INFORMATION_FORMAT = dwarf;
				ENABLE_STRICT_OBJC_MSGSEND = YES;
				ENABLE_TESTABILITY = YES;
				GCC_C_LANGUAGE_STANDARD = gnu11;
				GCC_DYNAMIC_NO_PIC = NO;
				GCC_NO_COMMON_BLOCKS = YES;
				GCC_OPTIMIZATION_LEVEL = 0;
				GCC_PREPROCESSOR_DEFINITIONS = (
					"DEBUG=1",
					"$(inherited)",
				);
				GCC_WARN_64_TO_32_BIT_CONVERSION = YES;
				GCC_WARN_ABOUT_RETURN_TYPE = YES_ERROR;
				GCC_WARN_UNDECLARED_SELECTOR = YES;
				GCC_WARN_UNINITIALIZED_AUTOS = YES_AGGRESSIVE;
				GCC_WARN_UNUSED_FUNCTION = YES;
				GCC_WARN_UNUSED_VARIABLE = YES;
				IPHONEOS_DEPLOYMENT_TARGET = 15.0;
				MTL_ENABLE_DEBUG_INFO = INCLUDE_SOURCE;
				MTL_FAST_MATH = YES;
				ONLY_ACTIVE_ARCH = YES;
				SDKROOT = iphoneos;
				SWIFT_ACTIVE_COMPILATION_CONDITIONS = DEBUG;
				SWIFT_OPTIMIZATION_LEVEL = "-Onone";
			};
			name = Debug;
		};
		8195CCCC2A98FA60000A917F /* Release */ = {
			isa = XCBuildConfiguration;
			buildSettings = {
				ALWAYS_SEARCH_USER_PATHS = NO;
				CLANG_ANALYZER_NONNULL = YES;
				CLANG_ANALYZER_NUMBER_OBJECT_CONVERSION = YES_AGGRESSIVE;
				CLANG_CXX_LANGUAGE_STANDARD = "gnu++20";
				CLANG_ENABLE_MODULES = YES;
				CLANG_ENABLE_OBJC_ARC = YES;
				CLANG_ENABLE_OBJC_WEAK = YES;
				CLANG_WARN_BLOCK_CAPTURE_AUTORELEASING = YES;
				CLANG_WARN_BOOL_CONVERSION = YES;
				CLANG_WARN_COMMA = YES;
				CLANG_WARN_CONSTANT_CONVERSION = YES;
				CLANG_WARN_DEPRECATED_OBJC_IMPLEMENTATIONS = YES;
				CLANG_WARN_DIRECT_OBJC_ISA_USAGE = YES_ERROR;
				CLANG_WARN_DOCUMENTATION_COMMENTS = YES;
				CLANG_WARN_EMPTY_BODY = YES;
				CLANG_WARN_ENUM_CONVERSION = YES;
				CLANG_WARN_INFINITE_RECURSION = YES;
				CLANG_WARN_INT_CONVERSION = YES;
				CLANG_WARN_NON_LITERAL_NULL_CONVERSION = YES;
				CLANG_WARN_OBJC_IMPLICIT_RETAIN_SELF = YES;
				CLANG_WARN_OBJC_LITERAL_CONVERSION = YES;
				CLANG_WARN_OBJC_ROOT_CLASS = YES_ERROR;
				CLANG_WARN_QUOTED_INCLUDE_IN_FRAMEWORK_HEADER = YES;
				CLANG_WARN_RANGE_LOOP_ANALYSIS = YES;
				CLANG_WARN_STRICT_PROTOTYPES = YES;
				CLANG_WARN_SUSPICIOUS_MOVE = YES;
				CLANG_WARN_UNGUARDED_AVAILABILITY = YES_AGGRESSIVE;
				CLANG_WARN_UNREACHABLE_CODE = YES;
				CLANG_WARN__DUPLICATE_METHOD_MATCH = YES;
				COPY_PHASE_STRIP = NO;
				DEBUG_INFORMATION_FORMAT = "dwarf-with-dsym";
				ENABLE_NS_ASSERTIONS = NO;
				ENABLE_STRICT_OBJC_MSGSEND = YES;
				GCC_C_LANGUAGE_STANDARD = gnu11;
				GCC_NO_COMMON_BLOCKS = YES;
				GCC_WARN_64_TO_32_BIT_CONVERSION = YES;
				GCC_WARN_ABOUT_RETURN_TYPE = YES_ERROR;
				GCC_WARN_UNDECLARED_SELECTOR = YES;
				GCC_WARN_UNINITIALIZED_AUTOS = YES_AGGRESSIVE;
				GCC_WARN_UNUSED_FUNCTION = YES;
				GCC_WARN_UNUSED_VARIABLE = YES;
				IPHONEOS_DEPLOYMENT_TARGET = 15.0;
				MTL_ENABLE_DEBUG_INFO = NO;
				MTL_FAST_MATH = YES;
				SDKROOT = iphoneos;
				SWIFT_COMPILATION_MODE = wholemodule;
				SWIFT_OPTIMIZATION_LEVEL = "-O";
				VALIDATE_PRODUCT = YES;
			};
			name = Release;
		};
		8195CCCE2A98FA60000A917F /* Debug */ = {
			isa = XCBuildConfiguration;
			buildSettings = {
				ASSETCATALOG_COMPILER_APPICON_NAME = AppIcon;
				ASSETCATALOG_COMPILER_GLOBAL_ACCENT_COLOR_NAME = AccentColor;
				CODE_SIGN_STYLE = Automatic;
				CURRENT_PROJECT_VERSION = 1;
				DEVELOPMENT_TEAM = HHTA648R26;
				GENERATE_INFOPLIST_FILE = YES;
				INFOPLIST_FILE = SportEventApp/Info.plist;
				INFOPLIST_KEY_UIApplicationSupportsIndirectInputEvents = YES;
				INFOPLIST_KEY_UILaunchStoryboardName = LaunchScreen;
				INFOPLIST_KEY_UIMainStoryboardFile = Main;
				INFOPLIST_KEY_UISupportedInterfaceOrientations = UIInterfaceOrientationPortrait;
				INFOPLIST_KEY_UISupportedInterfaceOrientations_iPad = "UIInterfaceOrientationPortrait UIInterfaceOrientationPortraitUpsideDown";
				IPHONEOS_DEPLOYMENT_TARGET = 15.0;
				LD_RUNPATH_SEARCH_PATHS = (
					"$(inherited)",
					"@executable_path/Frameworks",
				);
				MARKETING_VERSION = 1.0;
				PRODUCT_BUNDLE_IDENTIFIER = MykytaMelnykov.SportEventApp;
				PRODUCT_NAME = "$(TARGET_NAME)";
				SWIFT_EMIT_LOC_STRINGS = YES;
				SWIFT_VERSION = 5.0;
				TARGETED_DEVICE_FAMILY = "1,2";
			};
			name = Debug;
		};
		8195CCCF2A98FA60000A917F /* Release */ = {
			isa = XCBuildConfiguration;
			buildSettings = {
				ASSETCATALOG_COMPILER_APPICON_NAME = AppIcon;
				ASSETCATALOG_COMPILER_GLOBAL_ACCENT_COLOR_NAME = AccentColor;
				CODE_SIGN_STYLE = Automatic;
				CURRENT_PROJECT_VERSION = 1;
				DEVELOPMENT_TEAM = HHTA648R26;
				GENERATE_INFOPLIST_FILE = YES;
				INFOPLIST_FILE = SportEventApp/Info.plist;
				INFOPLIST_KEY_UIApplicationSupportsIndirectInputEvents = YES;
				INFOPLIST_KEY_UILaunchStoryboardName = LaunchScreen;
				INFOPLIST_KEY_UIMainStoryboardFile = Main;
				INFOPLIST_KEY_UISupportedInterfaceOrientations = UIInterfaceOrientationPortrait;
				INFOPLIST_KEY_UISupportedInterfaceOrientations_iPad = "UIInterfaceOrientationPortrait UIInterfaceOrientationPortraitUpsideDown";
				IPHONEOS_DEPLOYMENT_TARGET = 15.0;
				LD_RUNPATH_SEARCH_PATHS = (
					"$(inherited)",
					"@executable_path/Frameworks",
				);
				MARKETING_VERSION = 1.0;
				PRODUCT_BUNDLE_IDENTIFIER = MykytaMelnykov.SportEventApp;
				PRODUCT_NAME = "$(TARGET_NAME)";
				SWIFT_EMIT_LOC_STRINGS = YES;
				SWIFT_VERSION = 5.0;
				TARGETED_DEVICE_FAMILY = "1,2";
			};
			name = Release;
		};
/* End XCBuildConfiguration section */

/* Begin XCConfigurationList section */
		8195CCB42A98FA5E000A917F /* Build configuration list for PBXProject "SportEventApp" */ = {
			isa = XCConfigurationList;
			buildConfigurations = (
				8195CCCB2A98FA60000A917F /* Debug */,
				8195CCCC2A98FA60000A917F /* Release */,
			);
			defaultConfigurationIsVisible = 0;
			defaultConfigurationName = Release;
		};
		8195CCCD2A98FA60000A917F /* Build configuration list for PBXNativeTarget "SportEventApp" */ = {
			isa = XCConfigurationList;
			buildConfigurations = (
				8195CCCE2A98FA60000A917F /* Debug */,
				8195CCCF2A98FA60000A917F /* Release */,
			);
			defaultConfigurationIsVisible = 0;
			defaultConfigurationName = Release;
		};
/* End XCConfigurationList section */

/* Begin XCRemoteSwiftPackageReference section */
		779A54002AAB685000099683 /* XCRemoteSwiftPackageReference "SnapKit" */ = {
			isa = XCRemoteSwiftPackageReference;
			repositoryURL = "https://github.com/SnapKit/SnapKit.git";
			requirement = {
				kind = upToNextMajorVersion;
				minimumVersion = 5.0.0;
			};
		};
		77EFD8E92AD2C86200B438D4 /* XCRemoteSwiftPackageReference "realm-swift" */ = {
			isa = XCRemoteSwiftPackageReference;
			repositoryURL = "https://github.com/realm/realm-swift.git";
			requirement = {
				branch = master;
				kind = branch;
			};
		};
/* End XCRemoteSwiftPackageReference section */

/* Begin XCSwiftPackageProductDependency section */
		779A54012AAB685000099683 /* SnapKit */ = {
			isa = XCSwiftPackageProductDependency;
			package = 779A54002AAB685000099683 /* XCRemoteSwiftPackageReference "SnapKit" */;
			productName = SnapKit;
		};
		77EFD8EA2AD2C86200B438D4 /* Realm */ = {
			isa = XCSwiftPackageProductDependency;
			package = 77EFD8E92AD2C86200B438D4 /* XCRemoteSwiftPackageReference "realm-swift" */;
			productName = Realm;
		};
		77EFD8EC2AD2C86200B438D4 /* RealmSwift */ = {
			isa = XCSwiftPackageProductDependency;
			package = 77EFD8E92AD2C86200B438D4 /* XCRemoteSwiftPackageReference "realm-swift" */;
			productName = RealmSwift;
		};
/* End XCSwiftPackageProductDependency section */
	};
	rootObject = 8195CCB12A98FA5E000A917F /* Project object */;
}
