{
  "pins" : [
    {
      "identity" : "realm-core",
      "kind" : "remoteSourceControl",
      "location" : "https://github.com/realm/realm-core.git",
      "state" : {
        "revision" : "f8e1a38a4099785af597ab813ae01f9901858b65",
        "version" : "13.21.0"
      }
    },
    {
      "identity" : "realm-swift",
      "kind" : "remoteSourceControl",
      "location" : "https://github.com/realm/realm-swift.git",
      "state" : {
        "branch" : "master",
        "revision" : "a98c88ed4bd04ea335e0b66cd7892f4721bf5f77"
      }
    },
    {
      "identity" : "snapkit",
      "kind" : "remoteSourceControl",
      "location" : "https://github.com/SnapKit/SnapKit.git",
      "state" : {
        "branch" : "develop",
        "revision" : "58320fe80522414bf3a7e24c88123581dc586752"
      }
    }
  ],
  "version" : 2
}
